
Microsoft Visual Studio Solution File, Format Version 12.00
# Visual Studio Version 16
VisualStudioVersion = 16.0.32228.343
MinimumVisualStudioVersion = 10.0.40219.1
Project("{FAE04EC0-301F-11D3-BF4B-00C04F79EFBC}") = "hackathon-4-9-22", "hackathon-4-9-22.csproj", "{675B461E-4450-4E0C-BD57-DAB73DC6400E}"
EndProject
Global
	GlobalSection(SolutionConfigurationPlatforms) = preSolution
		Debug|Any CPU = Debug|Any CPU
		Release|Any CPU = Release|Any CPU
	EndGlobalSection
	GlobalSection(ProjectConfigurationPlatforms) = postSolution
		{675B461E-4450-4E0C-BD57-DAB73DC6400E}.Debug|Any CPU.ActiveCfg = Debug|Any CPU
		{675B461E-4450-4E0C-BD57-DAB73DC6400E}.Debug|Any CPU.Build.0 = Debug|Any CPU
		{675B461E-4450-4E0C-BD57-DAB73DC6400E}.Release|Any CPU.ActiveCfg = Release|Any CPU
		{675B461E-4450-4E0C-BD57-DAB73DC6400E}.Release|Any CPU.Build.0 = Release|Any CPU
	EndGlobalSection
	GlobalSection(SolutionProperties) = preSolution
		HideSolutionNode = FALSE
	EndGlobalSection
	GlobalSection(ExtensibilityGlobals) = postSolution
		SolutionGuid = {8B7ACC9C-11B1-483B-97C8-A01EDA19FAE2}
	EndGlobalSection
EndGlobal
